{
  "name": "Experis",
  "lockfileVersion": 2,
  "requires": true,
  "packages": {
    "": {
      "dependencies": {
        "JASON": "^0.1.3"
      }
    },
    "node_modules/JASON": {
      "version": "0.1.3",
      "resolved": "https://registry.npmjs.org/JASON/-/JASON-0.1.3.tgz",
      "integrity": "sha512-2+JzNiNVfHPjbNMxHsjBnf8kw0mIl/enGqT3iAmUHxQKd6deNfZkkDh5NWAQC1S/nCoLZRhpQIGGGwZsJGHFGg==",
      "engines": {
        "node": "*"
      }
    }
  },
  "dependencies": {
    "JASON": {
      "version": "0.1.3",
      "resolved": "https://registry.npmjs.org/JASON/-/JASON-0.1.3.tgz",
      "integrity": "sha512-2+JzNiNVfHPjbNMxHsjBnf8kw0mIl/enGqT3iAmUHxQKd6deNfZkkDh5NWAQC1S/nCoLZRhpQIGGGwZsJGHFGg=="
    }
  }
}
